// !$*UTF8*$!
{
	archiveVersion = 1;
	classes = {
	};
	objectVersion = 46;
	objects = {

/* Begin PBXBuildFile section */
		EAB090BE1BCE193600C59AD9 /* AppDelegate.swift in Sources */ = {isa = PBXBuildFile; fileRef = EAB090BD1BCE193600C59AD9 /* AppDelegate.swift */; };
		EAB090C01BCE193600C59AD9 /* RootViewController.swift in Sources */ = {isa = PBXBuildFile; fileRef = EAB090BF1BCE193600C59AD9 /* RootViewController.swift */; };
		EAB090C21BCE193600C59AD9 /* DataViewController.swift in Sources */ = {isa = PBXBuildFile; fileRef = EAB090C11BCE193600C59AD9 /* DataViewController.swift */; };
		EAB090C41BCE193600C59AD9 /* ModelController.swift in Sources */ = {isa = PBXBuildFile; fileRef = EAB090C31BCE193600C59AD9 /* ModelController.swift */; };
		EAB090C71BCE193600C59AD9 /* Main.storyboard in Resources */ = {isa = PBXBuildFile; fileRef = EAB090C51BCE193600C59AD9 /* Main.storyboard */; };
		EAB090C91BCE193600C59AD9 /* Assets.xcassets in Resources */ = {isa = PBXBuildFile; fileRef = EAB090C81BCE193600C59AD9 /* Assets.xcassets */; };
		EAB090CC1BCE193600C59AD9 /* LaunchScreen.storyboard in Resources */ = {isa = PBXBuildFile; fileRef = EAB090CA1BCE193600C59AD9 /* LaunchScreen.storyboard */; };
		EAB090D71BCE193700C59AD9 /* GridTestTests.swift in Sources */ = {isa = PBXBuildFile; fileRef = EAB090D61BCE193700C59AD9 /* GridTestTests.swift */; };
		EAB090E21BCE193700C59AD9 /* GridTestUITests.swift in Sources */ = {isa = PBXBuildFile; fileRef = EAB090E11BCE193700C59AD9 /* GridTestUITests.swift */; };
/* End PBXBuildFile section */

/* Begin PBXContainerItemProxy section */
		EAB090D31BCE193700C59AD9 /* PBXContainerItemProxy */ = {
			isa = PBXContainerItemProxy;
			containerPortal = EAB090B21BCE193600C59AD9 /* Project object */;
			proxyType = 1;
			remoteGlobalIDString = EAB090B91BCE193600C59AD9;
			remoteInfo = GridTest;
		};
		EAB090DE1BCE193700C59AD9 /* PBXContainerItemProxy */ = {
			isa = PBXContainerItemProxy;
			containerPortal = EAB090B21BCE193600C59AD9 /* Project object */;
			proxyType = 1;
			remoteGlobalIDString = EAB090B91BCE193600C59AD9;
			remoteInfo = GridTest;
		};
/* End PBXContainerItemProxy section */

/* Begin PBXFileReference section */
		EAB090BA1BCE193600C59AD9 /* GridTest.app */ = {isa = PBXFileReference; explicitFileType = wrapper.application; includeInIndex = 0; path = GridTest.app; sourceTree = BUILT_PRODUCTS_DIR; };
		EAB090BD1BCE193600C59AD9 /* AppDelegate.swift */ = {isa = PBXFileReference; lastKnownFileType = sourcecode.swift; path = AppDelegate.swift; sourceTree = "<group>"; };
		EAB090BF1BCE193600C59AD9 /* RootViewController.swift */ = {isa = PBXFileReference; lastKnownFileType = sourcecode.swift; path = RootViewController.swift; sourceTree = "<group>"; };
		EAB090C11BCE193600C59AD9 /* DataViewController.swift */ = {isa = PBXFileReference; lastKnownFileType = sourcecode.swift; path = DataViewController.swift; sourceTree = "<group>"; };
		EAB090C31BCE193600C59AD9 /* ModelController.swift */ = {isa = PBXFileReference; lastKnownFileType = sourcecode.swift; path = ModelController.swift; sourceTree = "<group>"; };
		EAB090C61BCE193600C59AD9 /* Base */ = {isa = PBXFileReference; lastKnownFileType = file.storyboard; name = Base; path = Base.lproj/Main.storyboard; sourceTree = "<group>"; };
		EAB090C81BCE193600C59AD9 /* Assets.xcassets */ = {isa = PBXFileReference; lastKnownFileType = folder.assetcatalog; path = Assets.xcassets; sourceTree = "<group>"; };
		EAB090CB1BCE193600C59AD9 /* Base */ = {isa = PBXFileReference; lastKnownFileType = file.storyboard; name = Base; path = Base.lproj/LaunchScreen.storyboard; sourceTree = "<group>"; };
		EAB090CD1BCE193600C59AD9 /* Info.plist */ = {isa = PBXFileReference; lastKnownFileType = text.plist.xml; path = Info.plist; sourceTree = "<group>"; };
		EAB090D21BCE193700C59AD9 /* GridTestTests.xctest */ = {isa = PBXFileReference; explicitFileType = wrapper.cfbundle; includeInIndex = 0; path = GridTestTests.xctest; sourceTree = BUILT_PRODUCTS_DIR; };
		EAB090D61BCE193700C59AD9 /* GridTestTests.swift */ = {isa = PBXFileReference; lastKnownFileType = sourcecode.swift; path = GridTestTests.swift; sourceTree = "<group>"; };
		EAB090D81BCE193700C59AD9 /* Info.plist */ = {isa = PBXFileReference; lastKnownFileType = text.plist.xml; path = Info.plist; sourceTree = "<group>"; };
		EAB090DD1BCE193700C59AD9 /* GridTestUITests.xctest */ = {isa = PBXFileReference; explicitFileType = wrapper.cfbundle; includeInIndex = 0; path = GridTestUITests.xctest; sourceTree = BUILT_PRODUCTS_DIR; };
		EAB090E11BCE193700C59AD9 /* GridTestUITests.swift */ = {isa = PBXFileReference; lastKnownFileType = sourcecode.swift; path = GridTestUITests.swift; sourceTree = "<group>"; };
		EAB090E31BCE193700C59AD9 /* Info.plist */ = {isa = PBXFileReference; lastKnownFileType = text.plist.xml; path = Info.plist; sourceTree = "<group>"; };
/* End PBXFileReference section */

/* Begin PBXFrameworksBuildPhase section */
		EAB090B71BCE193600C59AD9 /* Frameworks */ = {
			isa = PBXFrameworksBuildPhase;
			buildActionMask = 2147483647;
			files = (
			);
			runOnlyForDeploymentPostprocessing = 0;
		};
		EAB090CF1BCE193700C59AD9 /* Frameworks */ = {
			isa = PBXFrameworksBuildPhase;
			buildActionMask = 2147483647;
			files = (
			);
			runOnlyForDeploymentPostprocessing = 0;
		};
		EAB090DA1BCE193700C59AD9 /* Frameworks */ = {
			isa = PBXFrameworksBuildPhase;
			buildActionMask = 2147483647;
			files = (
			);
			runOnlyForDeploymentPostprocessing = 0;
		};
/* End PBXFrameworksBuildPhase section */

/* Begin PBXGroup section */
		EAB090B11BCE193600C59AD9 = {
			isa = PBXGroup;
			children = (
				EAB090BC1BCE193600C59AD9 /* GridTest */,
				EAB090D51BCE193700C59AD9 /* GridTestTests */,
				EAB090E01BCE193700C59AD9 /* GridTestUITests */,
				EAB090BB1BCE193600C59AD9 /* Products */,
			);
			sourceTree = "<group>";
		};
		EAB090BB1BCE193600C59AD9 /* Products */ = {
			isa = PBXGroup;
			children = (
				EAB090BA1BCE193600C59AD9 /* GridTest.app */,
				EAB090D21BCE193700C59AD9 /* GridTestTests.xctest */,
				EAB090DD1BCE193700C59AD9 /* GridTestUITests.xctest */,
			);
			name = Products;
			sourceTree = "<group>";
		};
		EAB090BC1BCE193600C59AD9 /* GridTest */ = {
			isa = PBXGroup;
			children = (
				EAB090BD1BCE193600C59AD9 /* AppDelegate.swift */,
				EAB090BF1BCE193600C59AD9 /* RootViewController.swift */,
				EAB090C11BCE193600C59AD9 /* DataViewController.swift */,
				EAB090C31BCE193600C59AD9 /* ModelController.swift */,
				EAB090C51BCE193600C59AD9 /* Main.storyboard */,
				EAB090C81BCE193600C59AD9 /* Assets.xcassets */,
				EAB090CA1BCE193600C59AD9 /* LaunchScreen.storyboard */,
				EAB090CD1BCE193600C59AD9 /* Info.plist */,
			);
			path = GridTest;
			sourceTree = "<group>";
		};
		EAB090D51BCE193700C59AD9 /* GridTestTests */ = {
			isa = PBXGroup;
			children = (
				EAB090D61BCE193700C59AD9 /* GridTestTests.swift */,
				EAB090D81BCE193700C59AD9 /* Info.plist */,
			);
			path = GridTestTests;
			sourceTree = "<group>";
		};
		EAB090E01BCE193700C59AD9 /* GridTestUITests */ = {
			isa = PBXGroup;
			children = (
				EAB090E11BCE193700C59AD9 /* GridTestUITests.swift */,
				EAB090E31BCE193700C59AD9 /* Info.plist */,
			);
			path = GridTestUITests;
			sourceTree = "<group>";
		};
/* End PBXGroup section */

/* Begin PBXNativeTarget section */
		EAB090B91BCE193600C59AD9 /* GridTest */ = {
			isa = PBXNativeTarget;
			buildConfigurationList = EAB090E61BCE193700C59AD9 /* Build configuration list for PBXNativeTarget "GridTest" */;
			buildPhases = (
				EAB090B61BCE193600C59AD9 /* Sources */,
				EAB090B71BCE193600C59AD9 /* Frameworks */,
				EAB090B81BCE193600C59AD9 /* Resources */,
			);
			buildRules = (
			);
			dependencies = (
			);
			name = GridTest;
			productName = GridTest;
			productReference = EAB090BA1BCE193600C59AD9 /* GridTest.app */;
			productType = "com.apple.product-type.application";
		};
		EAB090D11BCE193700C59AD9 /* GridTestTests */ = {
			isa = PBXNativeTarget;
			buildConfigurationList = EAB090E91BCE193700C59AD9 /* Build configuration list for PBXNativeTarget "GridTestTests" */;
			buildPhases = (
				EAB090CE1BCE193700C59AD9 /* Sources */,
				EAB090CF1BCE193700C59AD9 /* Frameworks */,
				EAB090D01BCE193700C59AD9 /* Resources */,
			);
			buildRules = (
			);
			dependencies = (
				EAB090D41BCE193700C59AD9 /* PBXTargetDependency */,
			);
			name = GridTestTests;
			productName = GridTestTests;
			productReference = EAB090D21BCE193700C59AD9 /* GridTestTests.xctest */;
			productType = "com.apple.product-type.bundle.unit-test";
		};
		EAB090DC1BCE193700C59AD9 /* GridTestUITests */ = {
			isa = PBXNativeTarget;
			buildConfigurationList = EAB090EC1BCE193700C59AD9 /* Build configuration list for PBXNativeTarget "GridTestUITests" */;
			buildPhases = (
				EAB090D91BCE193700C59AD9 /* Sources */,
				EAB090DA1BCE193700C59AD9 /* Frameworks */,
				EAB090DB1BCE193700C59AD9 /* Resources */,
			);
			buildRules = (
			);
			dependencies = (
				EAB090DF1BCE193700C59AD9 /* PBXTargetDependency */,
			);
			name = GridTestUITests;
			productName = GridTestUITests;
			productReference = EAB090DD1BCE193700C59AD9 /* GridTestUITests.xctest */;
			productType = "com.apple.product-type.bundle.ui-testing";
		};
/* End PBXNativeTarget section */

/* Begin PBXProject section */
		EAB090B21BCE193600C59AD9 /* Project object */ = {
			isa = PBXProject;
			attributes = {
				LastUpgradeCheck = 0700;
				ORGANIZATIONNAME = ETESTDEV;
				TargetAttributes = {
					EAB090B91BCE193600C59AD9 = {
						CreatedOnToolsVersion = 7.0.1;
						DevelopmentTeam = 8UWWLHCS7N;
					};
					EAB090D11BCE193700C59AD9 = {
						CreatedOnToolsVersion = 7.0.1;
						DevelopmentTeam = 8UWWLHCS7N;
						TestTargetID = EAB090B91BCE193600C59AD9;
					};
					EAB090DC1BCE193700C59AD9 = {
						CreatedOnToolsVersion = 7.0.1;
						DevelopmentTeam = 8UWWLHCS7N;
						TestTargetID = EAB090B91BCE193600C59AD9;
					};
				};
			};
			buildConfigurationList = EAB090B51BCE193600C59AD9 /* Build configuration list for PBXProject "GridTest" */;
			compatibilityVersion = "Xcode 3.2";
			developmentRegion = English;
			hasScannedForEncodings = 0;
			knownRegions = (
				en,
				Base,
			);
			mainGroup = EAB090B11BCE193600C59AD9;
			productRefGroup = EAB090BB1BCE193600C59AD9 /* Products */;
			projectDirPath = "";
			projectRoot = "";
			targets = (
				EAB090B91BCE193600C59AD9 /* GridTest */,
				EAB090D11BCE193700C59AD9 /* GridTestTests */,
				EAB090DC1BCE193700C59AD9 /* GridTestUITests */,
			);
		};
/* End PBXProject section */

/* Begin PBXResourcesBuildPhase section */
		EAB090B81BCE193600C59AD9 /* Resources */ = {
			isa = PBXResourcesBuildPhase;
			buildActionMask = 2147483647;
			files = (
				EAB090CC1BCE193600C59AD9 /* LaunchScreen.storyboard in Resources */,
				EAB090C91BCE193600C59AD9 /* Assets.xcassets in Resources */,
				EAB090C71BCE193600C59AD9 /* Main.storyboard in Resources */,
			);
			runOnlyForDeploymentPostprocessing = 0;
		};
		EAB090D01BCE193700C59AD9 /* Resources */ = {
			isa = PBXResourcesBuildPhase;
			buildActionMask = 2147483647;
			files = (
			);
			runOnlyForDeploymentPostprocessing = 0;
		};
		EAB090DB1BCE193700C59AD9 /* Resources */ = {
			isa = PBXResourcesBuildPhase;
			buildActionMask = 2147483647;
			files = (
			);
			runOnlyForDeploymentPostprocessing = 0;
		};
/* End PBXResourcesBuildPhase section */

/* Begin PBXSourcesBuildPhase section */
		EAB090B61BCE193600C59AD9 /* Sources */ = {
			isa = PBXSourcesBuildPhase;
			buildActionMask = 2147483647;
			files = (
				EAB090C01BCE193600C59AD9 /* RootViewController.swift in Sources */,
				EAB090C41BCE193600C59AD9 /* ModelController.swift in Sources */,
				EAB090C21BCE193600C59AD9 /* DataViewController.swift in Sources */,
				EAB090BE1BCE193600C59AD9 /* AppDelegate.swift in Sources */,
			);
			runOnlyForDeploymentPostprocessing = 0;
		};
		EAB090CE1BCE193700C59AD9 /* Sources */ = {
			isa = PBXSourcesBuildPhase;
			buildActionMask = 2147483647;
			files = (
				EAB090D71BCE193700C59AD9 /* GridTestTests.swift in Sources */,
			);
			runOnlyForDeploymentPostprocessing = 0;
		};
		EAB090D91BCE193700C59AD9 /* Sources */ = {
			isa = PBXSourcesBuildPhase;
			buildActionMask = 2147483647;
			files = (
				EAB090E21BCE193700C59AD9 /* GridTestUITests.swift in Sources */,
			);
			runOnlyForDeploymentPostprocessing = 0;
		};
/* End PBXSourcesBuildPhase section */

/* Begin PBXTargetDependency section */
		EAB090D41BCE193700C59AD9 /* PBXTargetDependency */ = {
			isa = PBXTargetDependency;
			target = EAB090B91BCE193600C59AD9 /* GridTest */;
			targetProxy = EAB090D31BCE193700C59AD9 /* PBXContainerItemProxy */;
		};
		EAB090DF1BCE193700C59AD9 /* PBXTargetDependency */ = {
			isa = PBXTargetDependency;
			target = EAB090B91BCE193600C59AD9 /* GridTest */;
			targetProxy = EAB090DE1BCE193700C59AD9 /* PBXContainerItemProxy */;
		};
/* End PBXTargetDependency section */

/* Begin PBXVariantGroup section */
		EAB090C51BCE193600C59AD9 /* Main.storyboard */ = {
			isa = PBXVariantGroup;
			children = (
				EAB090C61BCE193600C59AD9 /* Base */,
			);
			name = Main.storyboard;
			sourceTree = "<group>";
		};
		EAB090CA1BCE193600C59AD9 /* LaunchScreen.storyboard */ = {
			isa = PBXVariantGroup;
			children = (
				EAB090CB1BCE193600C59AD9 /* Base */,
			);
			name = LaunchScreen.storyboard;
			sourceTree = "<group>";
		};
/* End PBXVariantGroup section */

/* Begin XCBuildConfiguration section */
		EAB090E41BCE193700C59AD9 /* Debug */ = {
			isa = XCBuildConfiguration;
			buildSettings = {
				ALWAYS_SEARCH_USER_PATHS = NO;
				CLANG_CXX_LANGUAGE_STANDARD = "gnu++0x";
				CLANG_CXX_LIBRARY = "libc++";
				CLANG_ENABLE_MODULES = YES;
				CLANG_ENABLE_OBJC_ARC = YES;
				CLANG_WARN_BOOL_CONVERSION = YES;
				CLANG_WARN_CONSTANT_CONVERSION = YES;
				CLANG_WARN_DIRECT_OBJC_ISA_USAGE = YES_ERROR;
				CLANG_WARN_EMPTY_BODY = YES;
				CLANG_WARN_ENUM_CONVERSION = YES;
				CLANG_WARN_INT_CONVERSION = YES;
				CLANG_WARN_OBJC_ROOT_CLASS = YES_ERROR;
				CLANG_WARN_UNREACHABLE_CODE = YES;
				CLANG_WARN__DUPLICATE_METHOD_MATCH = YES;
				"CODE_SIGN_IDENTITY[sdk=iphoneos*]" = "iPhone Developer";
				COPY_PHASE_STRIP = NO;
				DEBUG_INFORMATION_FORMAT = dwarf;
				ENABLE_STRICT_OBJC_MSGSEND = YES;
				ENABLE_TESTABILITY = YES;
				GCC_C_LANGUAGE_STANDARD = gnu99;
				GCC_DYNAMIC_NO_PIC = NO;
				GCC_NO_COMMON_BLOCKS = YES;
				GCC_OPTIMIZATION_LEVEL = 0;
				GCC_PREPROCESSOR_DEFINITIONS = (
					"DEBUG=1",
					"$(inherited)",
				);
				GCC_WARN_64_TO_32_BIT_CONVERSION = YES;
				GCC_WARN_ABOUT_RETURN_TYPE = YES_ERROR;
				GCC_WARN_UNDECLARED_SELECTOR = YES;
				GCC_WARN_UNINITIALIZED_AUTOS = YES_AGGRESSIVE;
				GCC_WARN_UNUSED_FUNCTION = YES;
				GCC_WARN_UNUSED_VARIABLE = YES;
				IPHONEOS_DEPLOYMENT_TARGET = 9.0;
				MTL_ENABLE_DEBUG_INFO = YES;
				ONLY_ACTIVE_ARCH = YES;
				SDKROOT = iphoneos;
				SWIFT_OPTIMIZATION_LEVEL = "-Onone";
			};
			name = Debug;
		};
		EAB090E51BCE193700C59AD9 /* Release */ = {
			isa = XCBuildConfiguration;
			buildSettings = {
				ALWAYS_SEARCH_USER_PATHS = NO;
				CLANG_CXX_LANGUAGE_STANDARD = "gnu++0x";
				CLANG_CXX_LIBRARY = "libc++";
				CLANG_ENABLE_MODULES = YES;
				CLANG_ENABLE_OBJC_ARC = YES;
				CLANG_WARN_BOOL_CONVERSION = YES;
				CLANG_WARN_CONSTANT_CONVERSION = YES;
				CLANG_WARN_DIRECT_OBJC_ISA_USAGE = YES_ERROR;
				CLANG_WARN_EMPTY_BODY = YES;
				CLANG_WARN_ENUM_CONVERSION = YES;
				CLANG_WARN_INT_CONVERSION = YES;
				CLANG_WARN_OBJC_ROOT_CLASS = YES_ERROR;
				CLANG_WARN_UNREACHABLE_CODE = YES;
				CLANG_WARN__DUPLICATE_METHOD_MATCH = YES;
				"CODE_SIGN_IDENTITY[sdk=iphoneos*]" = "iPhone Developer";
				COPY_PHASE_STRIP = NO;
				DEBUG_INFORMATION_FORMAT = "dwarf-with-dsym";
				ENABLE_NS_ASSERTIONS = NO;
				ENABLE_STRICT_OBJC_MSGSEND = YES;
				GCC_C_LANGUAGE_STANDARD = gnu99;
				GCC_NO_COMMON_BLOCKS = YES;
				GCC_WARN_64_TO_32_BIT_CONVERSION = YES;
				GCC_WARN_ABOUT_RETURN_TYPE = YES_ERROR;
				GCC_WARN_UNDECLARED_SELECTOR = YES;
				GCC_WARN_UNINITIALIZED_AUTOS = YES_AGGRESSIVE;
				GCC_WARN_UNUSED_FUNCTION = YES;
				GCC_WARN_UNUSED_VARIABLE = YES;
				IPHONEOS_DEPLOYMENT_TARGET = 9.0;
				MTL_ENABLE_DEBUG_INFO = NO;
				SDKROOT = iphoneos;
				VALIDATE_PRODUCT = YES;
			};
			name = Release;
		};
		EAB090E71BCE193700C59AD9 /* Debug */ = {
			isa = XCBuildConfiguration;
			buildSettings = {
				ASSETCATALOG_COMPILER_APPICON_NAME = AppIcon;
				INFOPLIST_FILE = GridTest/Info.plist;
				LD_RUNPATH_SEARCH_PATHS = "$(inherited) @executable_path/Frameworks";
				PRODUCT_BUNDLE_IDENTIFIER = com.ETESTDEV.GridTest;
				PRODUCT_NAME = "$(TARGET_NAME)";
			};
			name = Debug;
		};
		EAB090E81BCE193700C59AD9 /* Release */ = {
			isa = XCBuildConfiguration;
			buildSettings = {
				ASSETCATALOG_COMPILER_APPICON_NAME = AppIcon;
				INFOPLIST_FILE = GridTest/Info.plist;
				LD_RUNPATH_SEARCH_PATHS = "$(inherited) @executable_path/Frameworks";
				PRODUCT_BUNDLE_IDENTIFIER = com.ETESTDEV.GridTest;
				PRODUCT_NAME = "$(TARGET_NAME)";
			};
			name = Release;
		};
		EAB090EA1BCE193700C59AD9 /* Debug */ = {
			isa = XCBuildConfiguration;
			buildSettings = {
				BUNDLE_LOADER = "$(TEST_HOST)";
				INFOPLIST_FILE = GridTestTests/Info.plist;
				LD_RUNPATH_SEARCH_PATHS = "$(inherited) @executable_path/Frameworks @loader_path/Frameworks";
				PRODUCT_BUNDLE_IDENTIFIER = com.ETESTDEV.GridTestTests;
				PRODUCT_NAME = "$(TARGET_NAME)";
				TEST_HOST = "$(BUILT_PRODUCTS_DIR)/GridTest.app/GridTest";
			};
			name = Debug;
		};
		EAB090EB1BCE193700C59AD9 /* Release */ = {
			isa = XCBuildConfiguration;
			buildSettings = {
				BUNDLE_LOADER = "$(TEST_HOST)";
				INFOPLIST_FILE = GridTestTests/Info.plist;
				LD_RUNPATH_SEARCH_PATHS = "$(inherited) @executable_path/Frameworks @loader_path/Frameworks";
				PRODUCT_BUNDLE_IDENTIFIER = com.ETESTDEV.GridTestTests;
				PRODUCT_NAME = "$(TARGET_NAME)";
				TEST_HOST = "$(BUILT_PRODUCTS_DIR)/GridTest.app/GridTest";
			};
			name = Release;
		};
		EAB090ED1BCE193700C59AD9 /* Debug */ = {
			isa = XCBuildConfiguration;
			buildSettings = {
				INFOPLIST_FILE = GridTestUITests/Info.plist;
				LD_RUNPATH_SEARCH_PATHS = "$(inherited) @executable_path/Frameworks @loader_path/Frameworks";
				PRODUCT_BUNDLE_IDENTIFIER = com.ETESTDEV.GridTestUITests;
				PRODUCT_NAME = "$(TARGET_NAME)";
				TEST_TARGET_NAME = GridTest;
				USES_XCTRUNNER = YES;
			};
			name = Debug;
		};
		EAB090EE1BCE193700C59AD9 /* Release */ = {
			isa = XCBuildConfiguration;
			buildSettings = {
				INFOPLIST_FILE = GridTestUITests/Info.plist;
				LD_RUNPATH_SEARCH_PATHS = "$(inherited) @executable_path/Frameworks @loader_path/Frameworks";
				PRODUCT_BUNDLE_IDENTIFIER = com.ETESTDEV.GridTestUITests;
				PRODUCT_NAME = "$(TARGET_NAME)";
				TEST_TARGET_NAME = GridTest;
				USES_XCTRUNNER = YES;
			};
			name = Release;
		};
/* End XCBuildConfiguration section */

/* Begin XCConfigurationList section */
		EAB090B51BCE193600C59AD9 /* Build configuration list for PBXProject "GridTest" */ = {
			isa = XCConfigurationList;
			buildConfigurations = (
				EAB090E41BCE193700C59AD9 /* Debug */,
				EAB090E51BCE193700C59AD9 /* Release */,
			);
			defaultConfigurationIsVisible = 0;
			defaultConfigurationName = Release;
		};
		EAB090E61BCE193700C59AD9 /* Build configuration list for PBXNativeTarget "GridTest" */ = {
			isa = XCConfigurationList;
			buildConfigurations = (
				EAB090E71BCE193700C59AD9 /* Debug */,
				EAB090E81BCE193700C59AD9 /* Release */,
			);
			defaultConfigurationIsVisible = 0;
		};
		EAB090E91BCE193700C59AD9 /* Build configuration list for PBXNativeTarget "GridTestTests" */ = {
			isa = XCConfigurationList;
			buildConfigurations = (
				EAB090EA1BCE193700C59AD9 /* Debug */,
				EAB090EB1BCE193700C59AD9 /* Release */,
			);
			defaultConfigurationIsVisible = 0;
		};
		EAB090EC1BCE193700C59AD9 /* Build configuration list for PBXNativeTarget "GridTestUITests" */ = {
			isa = XCConfigurationList;
			buildConfigurations = (
				EAB090ED1BCE193700C59AD9 /* Debug */,
				EAB090EE1BCE193700C59AD9 /* Release */,
			);
			defaultConfigurationIsVisible = 0;
		};
/* End XCConfigurationList section */
	};
	rootObject = EAB090B21BCE193600C59AD9 /* Project object */;
}
